{
  "name": "weather",
  "version": "0.1.0",
  "lockfileVersion": 3,
  "requires": true,
  "packages": {
    "": {
      "name": "weather",
      "version": "0.1.0",
      "dependencies": {
        "country-list-js": "4.0.0"
      },
      "engines": {
        "node": ">=20"
      }
    },
    "node_modules/country-list-js": {
      "version": "4.0.0",
      "resolved": "https://registry.npmjs.org/country-list-js/-/country-list-js-4.0.0.tgz",
      "integrity": "sha512-4nNO7lRDhE30zMtwJLZxdPtr7bPbPKuO5fVPmL8/br94UQHECh5s+x1Q8GeuA0/5lTVkuGRjdxB62Q9S0XiLpQ==",
      "license": "MIT"
    }
  }
}
